
Microsoft Visual Studio Solution File, Format Version 12.00
# Visual Studio Version 17
VisualStudioVersion = 17.5.33627.172
MinimumVisualStudioVersion = 10.0.40219.1
Project("{9A19103F-16F7-4668-BE54-9A1E7A4F7556}") = "QuickQuiz.WEB", "QuickQuiz.WEB\QuickQuiz.WEB.csproj", "{4ED1C79C-DC59-415A-BC08-99985244B2AF}"
EndProject
Project("{9A19103F-16F7-4668-BE54-9A1E7A4F7556}") = "QuickQuiz.Core", "QuickQuiz.Core\QuickQuiz.Core.csproj", "{A9D4959C-F088-410B-88DD-7D07482E5094}"
EndProject
Project("{9A19103F-16F7-4668-BE54-9A1E7A4F7556}") = "QuickQuiz.Repository", "QuickQuiz.Repository\QuickQuiz.Repository.csproj", "{34D8F2DF-C7FD-4414-B4EC-90D1DA508C7F}"
EndProject
Project("{9A19103F-16F7-4668-BE54-9A1E7A4F7556}") = "QuickQuiz.Service", "QuickQuiz.Service\QuickQuiz.Service.csproj", "{AA1CCEDD-877F-4DEE-89D7-D4C97FE726E3}"
EndProject
Project("{9A19103F-16F7-4668-BE54-9A1E7A4F7556}") = "QuickQuiz.Api", "QuickQuiz.Api\QuickQuiz.Api.csproj", "{3F73F334-F209-41EE-8F41-3A732694C4E8}"
EndProject
Project("{9A19103F-16F7-4668-BE54-9A1E7A4F7556}") = "AddCustomTest", "AddCustomTest\AddCustomTest.csproj", "{EB027C0D-B5A5-4D5A-90DB-104C3AA8C537}"
EndProject
Project("{FAE04EC0-301F-11D3-BF4B-00C04F79EFBC}") = "FakeDateCreate", "FakeDateCreate\FakeDateCreate.csproj", "{7DD1D720-F35E-44DB-903A-D994F4757249}"
EndProject
Project("{FAE04EC0-301F-11D3-BF4B-00C04F79EFBC}") = "TakeDataSet", "TakeDataSet\TakeDataSet.csproj", "{15C7B399-AB6B-4FC9-8F93-CC7101B353D5}"
EndProject
Global
	GlobalSection(SolutionConfigurationPlatforms) = preSolution
		Debug|Any CPU = Debug|Any CPU
		Release|Any CPU = Release|Any CPU
	EndGlobalSection
	GlobalSection(ProjectConfigurationPlatforms) = postSolution
		{4ED1C79C-DC59-415A-BC08-99985244B2AF}.Debug|Any CPU.ActiveCfg = Debug|Any CPU
		{4ED1C79C-DC59-415A-BC08-99985244B2AF}.Debug|Any CPU.Build.0 = Debug|Any CPU
		{4ED1C79C-DC59-415A-BC08-99985244B2AF}.Release|Any CPU.ActiveCfg = Release|Any CPU
		{4ED1C79C-DC59-415A-BC08-99985244B2AF}.Release|Any CPU.Build.0 = Release|Any CPU
		{A9D4959C-F088-410B-88DD-7D07482E5094}.Debug|Any CPU.ActiveCfg = Debug|Any CPU
		{A9D4959C-F088-410B-88DD-7D07482E5094}.Debug|Any CPU.Build.0 = Debug|Any CPU
		{A9D4959C-F088-410B-88DD-7D07482E5094}.Release|Any CPU.ActiveCfg = Release|Any CPU
		{A9D4959C-F088-410B-88DD-7D07482E5094}.Release|Any CPU.Build.0 = Release|Any CPU
		{34D8F2DF-C7FD-4414-B4EC-90D1DA508C7F}.Debug|Any CPU.ActiveCfg = Debug|Any CPU
		{34D8F2DF-C7FD-4414-B4EC-90D1DA508C7F}.Debug|Any CPU.Build.0 = Debug|Any CPU
		{34D8F2DF-C7FD-4414-B4EC-90D1DA508C7F}.Release|Any CPU.ActiveCfg = Release|Any CPU
		{34D8F2DF-C7FD-4414-B4EC-90D1DA508C7F}.Release|Any CPU.Build.0 = Release|Any CPU
		{AA1CCEDD-877F-4DEE-89D7-D4C97FE726E3}.Debug|Any CPU.ActiveCfg = Debug|Any CPU
		{AA1CCEDD-877F-4DEE-89D7-D4C97FE726E3}.Debug|Any CPU.Build.0 = Debug|Any CPU
		{AA1CCEDD-877F-4DEE-89D7-D4C97FE726E3}.Release|Any CPU.ActiveCfg = Release|Any CPU
		{AA1CCEDD-877F-4DEE-89D7-D4C97FE726E3}.Release|Any CPU.Build.0 = Release|Any CPU
		{3F73F334-F209-41EE-8F41-3A732694C4E8}.Debug|Any CPU.ActiveCfg = Debug|Any CPU
		{3F73F334-F209-41EE-8F41-3A732694C4E8}.Debug|Any CPU.Build.0 = Debug|Any CPU
		{3F73F334-F209-41EE-8F41-3A732694C4E8}.Release|Any CPU.ActiveCfg = Release|Any CPU
		{3F73F334-F209-41EE-8F41-3A732694C4E8}.Release|Any CPU.Build.0 = Release|Any CPU
		{EB027C0D-B5A5-4D5A-90DB-104C3AA8C537}.Debug|Any CPU.ActiveCfg = Debug|Any CPU
		{EB027C0D-B5A5-4D5A-90DB-104C3AA8C537}.Debug|Any CPU.Build.0 = Debug|Any CPU
		{EB027C0D-B5A5-4D5A-90DB-104C3AA8C537}.Release|Any CPU.ActiveCfg = Release|Any CPU
		{EB027C0D-B5A5-4D5A-90DB-104C3AA8C537}.Release|Any CPU.Build.0 = Release|Any CPU
		{7DD1D720-F35E-44DB-903A-D994F4757249}.Debug|Any CPU.ActiveCfg = Debug|Any CPU
		{7DD1D720-F35E-44DB-903A-D994F4757249}.Debug|Any CPU.Build.0 = Debug|Any CPU
		{7DD1D720-F35E-44DB-903A-D994F4757249}.Release|Any CPU.ActiveCfg = Release|Any CPU
		{7DD1D720-F35E-44DB-903A-D994F4757249}.Release|Any CPU.Build.0 = Release|Any CPU
		{15C7B399-AB6B-4FC9-8F93-CC7101B353D5}.Debug|Any CPU.ActiveCfg = Debug|Any CPU
		{15C7B399-AB6B-4FC9-8F93-CC7101B353D5}.Debug|Any CPU.Build.0 = Debug|Any CPU
		{15C7B399-AB6B-4FC9-8F93-CC7101B353D5}.Release|Any CPU.ActiveCfg = Release|Any CPU
		{15C7B399-AB6B-4FC9-8F93-CC7101B353D5}.Release|Any CPU.Build.0 = Release|Any CPU
	EndGlobalSection
	GlobalSection(SolutionProperties) = preSolution
		HideSolutionNode = FALSE
	EndGlobalSection
	GlobalSection(ExtensibilityGlobals) = postSolution
		SolutionGuid = {E910A0CD-0D12-499A-8468-654A55DA7962}
	EndGlobalSection
EndGlobal
